{
  "name": "cookbook",
  "version": "0.6.5",
  "lockfileVersion": 1,
  "requires": true,
  "dependencies": {
    "husky": {
      "version": "7.0.1",
      "resolved": "https://registry.npmjs.org/husky/-/husky-7.0.1.tgz",
      "integrity": "sha512-gceRaITVZ+cJH9sNHqx5tFwbzlLCVxtVZcusME8JYQ8Edy5mpGDOqD8QBCdMhpyo9a+JXddnujQ4rpY2Ff9SJA==",
      "dev": true
    }
  }
}
