{
  "name": "vue-crud-x",
  "version": "0.5.3",
  "lockfileVersion": 1,
  "requires": true,
  "dependencies": {
    "husky": {
      "version": "7.0.0",
      "resolved": "https://registry.npmjs.org/husky/-/husky-7.0.0.tgz",
      "integrity": "sha512-xK7lO0EtSzfFPiw+oQncQVy/XqV7UVVjxBByc+Iv5iK3yhW9boDoWgvZy3OGo48QKg/hUtZkzz0hi2HXa0kn7w==",
      "dev": true
    }
  }
}
